
Microsoft Visual Studio Solution File, Format Version 12.00
# Visual Studio Version 16
VisualStudioVersion = 16.0.33801.447
MinimumVisualStudioVersion = 10.0.40219.1
Project("{FAE04EC0-301F-11D3-BF4B-00C04F79EFBC}") = "MySocialNetwork", "MySocialNetwork\MySocialNetwork.csproj", "{31E6C4E1-70CC-463B-A2BA-B780DC215760}"
EndProject
Global
	GlobalSection(SolutionConfigurationPlatforms) = preSolution
		Debug|Any CPU = Debug|Any CPU
		Release|Any CPU = Release|Any CPU
	EndGlobalSection
	GlobalSection(ProjectConfigurationPlatforms) = postSolution
		{31E6C4E1-70CC-463B-A2BA-B780DC215760}.Debug|Any CPU.ActiveCfg = Debug|Any CPU
		{31E6C4E1-70CC-463B-A2BA-B780DC215760}.Debug|Any CPU.Build.0 = Debug|Any CPU
		{31E6C4E1-70CC-463B-A2BA-B780DC215760}.Release|Any CPU.ActiveCfg = Release|Any CPU
		{31E6C4E1-70CC-463B-A2BA-B780DC215760}.Release|Any CPU.Build.0 = Release|Any CPU
	EndGlobalSection
	GlobalSection(SolutionProperties) = preSolution
		HideSolutionNode = FALSE
	EndGlobalSection
	GlobalSection(ExtensibilityGlobals) = postSolution
		SolutionGuid = {B3EA5A47-5F06-45A8-8AA1-2807E8056EB0}
	EndGlobalSection
EndGlobal
